
Microsoft Visual Studio Solution File, Format Version 12.00
# Visual Studio Version 16
VisualStudioVersion = 16.0.32228.343
MinimumVisualStudioVersion = 10.0.40219.1
Project("{9A19103F-16F7-4668-BE54-9A1E7A4F7556}") = "Server", "Server.csproj", "{B603F54E-A4D9-469A-8935-1935AEB38BD8}"
EndProject
Project("{9A19103F-16F7-4668-BE54-9A1E7A4F7556}") = "ServerCore", "..\ServerCore\ServerCore.csproj", "{81BC69D2-0FD7-4F0C-A5E5-1E63EEE47A90}"
EndProject
Global
	GlobalSection(SolutionConfigurationPlatforms) = preSolution
		Debug|Any CPU = Debug|Any CPU
		Release|Any CPU = Release|Any CPU
	EndGlobalSection
	GlobalSection(ProjectConfigurationPlatforms) = postSolution
		{B603F54E-A4D9-469A-8935-1935AEB38BD8}.Debug|Any CPU.ActiveCfg = Debug|Any CPU
		{B603F54E-A4D9-469A-8935-1935AEB38BD8}.Debug|Any CPU.Build.0 = Debug|Any CPU
		{B603F54E-A4D9-469A-8935-1935AEB38BD8}.Release|Any CPU.ActiveCfg = Release|Any CPU
		{B603F54E-A4D9-469A-8935-1935AEB38BD8}.Release|Any CPU.Build.0 = Release|Any CPU
		{81BC69D2-0FD7-4F0C-A5E5-1E63EEE47A90}.Debug|Any CPU.ActiveCfg = Debug|Any CPU
		{81BC69D2-0FD7-4F0C-A5E5-1E63EEE47A90}.Debug|Any CPU.Build.0 = Debug|Any CPU
		{81BC69D2-0FD7-4F0C-A5E5-1E63EEE47A90}.Release|Any CPU.ActiveCfg = Release|Any CPU
		{81BC69D2-0FD7-4F0C-A5E5-1E63EEE47A90}.Release|Any CPU.Build.0 = Release|Any CPU
	EndGlobalSection
	GlobalSection(SolutionProperties) = preSolution
		HideSolutionNode = FALSE
	EndGlobalSection
	GlobalSection(ExtensibilityGlobals) = postSolution
		SolutionGuid = {9500BFA3-C956-431B-8F0A-8EF82B3C99C4}
	EndGlobalSection
EndGlobal
